// !$*UTF8*$!
{
	archiveVersion = 1;
	classes = {
	};
	objectVersion = 50;
	objects = {

/* Begin PBXBuildFile section */
		569C4C5847140F8DF238DBE8 /* Pods_Restaurante.framework in Frameworks */ = {isa = PBXBuildFile; fileRef = 67DDF19E1FC70F1CD9DFCF0F /* Pods_Restaurante.framework */; };
		690C13C9222195E700C8332C /* UIViewController+Alert.swift in Sources */ = {isa = PBXBuildFile; fileRef = 690C13C8222195E700C8332C /* UIViewController+Alert.swift */; };
		690C13CB22219F1600C8332C /* PlatoDetalleViewController.swift in Sources */ = {isa = PBXBuildFile; fileRef = 690C13CA22219F1600C8332C /* PlatoDetalleViewController.swift */; };
		690C13CE2221AA8700C8332C /* Plato.swift in Sources */ = {isa = PBXBuildFile; fileRef = 690C13CD2221AA8700C8332C /* Plato.swift */; };
		690C13D02221AAB200C8332C /* PlatoFactory.swift in Sources */ = {isa = PBXBuildFile; fileRef = 690C13CF2221AAB200C8332C /* PlatoFactory.swift */; };
		690C13D42221B56800C8332C /* PlatoTableViewCell.swift in Sources */ = {isa = PBXBuildFile; fileRef = 690C13D32221B56800C8332C /* PlatoTableViewCell.swift */; };
		690C13D62221C04500C8332C /* LoginViewController.swift in Sources */ = {isa = PBXBuildFile; fileRef = 690C13D52221C04500C8332C /* LoginViewController.swift */; };
		6919F6DD220F245D004C1F07 /* AppDelegate.swift in Sources */ = {isa = PBXBuildFile; fileRef = 6919F6DC220F245D004C1F07 /* AppDelegate.swift */; };
		6919F6E2220F245D004C1F07 /* Main.storyboard in Resources */ = {isa = PBXBuildFile; fileRef = 6919F6E0220F245D004C1F07 /* Main.storyboard */; };
		6919F6E4220F245E004C1F07 /* Assets.xcassets in Resources */ = {isa = PBXBuildFile; fileRef = 6919F6E3220F245E004C1F07 /* Assets.xcassets */; };
		6919F6E7220F245E004C1F07 /* LaunchScreen.storyboard in Resources */ = {isa = PBXBuildFile; fileRef = 6919F6E5220F245E004C1F07 /* LaunchScreen.storyboard */; };
		6919F6F5220F473E004C1F07 /* PlatosViewController.swift in Sources */ = {isa = PBXBuildFile; fileRef = 6919F6F4220F473E004C1F07 /* PlatosViewController.swift */; };
		695801AB222AD9EB00BF83A7 /* AppeanceManager.swift in Sources */ = {isa = PBXBuildFile; fileRef = 695801AA222AD9EB00BF83A7 /* AppeanceManager.swift */; };
		695801AD222AE09E00BF83A7 /* ContactanosViewController.swift in Sources */ = {isa = PBXBuildFile; fileRef = 695801AC222AE09E00BF83A7 /* ContactanosViewController.swift */; };
/* End PBXBuildFile section */

/* Begin PBXFileReference section */
		67DDF19E1FC70F1CD9DFCF0F /* Pods_Restaurante.framework */ = {isa = PBXFileReference; explicitFileType = wrapper.framework; includeInIndex = 0; path = Pods_Restaurante.framework; sourceTree = BUILT_PRODUCTS_DIR; };
		690C13C8222195E700C8332C /* UIViewController+Alert.swift */ = {isa = PBXFileReference; lastKnownFileType = sourcecode.swift; path = "UIViewController+Alert.swift"; sourceTree = "<group>"; };
		690C13CA22219F1600C8332C /* PlatoDetalleViewController.swift */ = {isa = PBXFileReference; lastKnownFileType = sourcecode.swift; path = PlatoDetalleViewController.swift; sourceTree = "<group>"; };
		690C13CD2221AA8700C8332C /* Plato.swift */ = {isa = PBXFileReference; lastKnownFileType = sourcecode.swift; path = Plato.swift; sourceTree = "<group>"; };
		690C13CF2221AAB200C8332C /* PlatoFactory.swift */ = {isa = PBXFileReference; lastKnownFileType = sourcecode.swift; path = PlatoFactory.swift; sourceTree = "<group>"; };
		690C13D32221B56800C8332C /* PlatoTableViewCell.swift */ = {isa = PBXFileReference; lastKnownFileType = sourcecode.swift; path = PlatoTableViewCell.swift; sourceTree = "<group>"; };
		690C13D52221C04500C8332C /* LoginViewController.swift */ = {isa = PBXFileReference; lastKnownFileType = sourcecode.swift; path = LoginViewController.swift; sourceTree = "<group>"; };
		6919F6D9220F245D004C1F07 /* Restaurante.app */ = {isa = PBXFileReference; explicitFileType = wrapper.application; includeInIndex = 0; path = Restaurante.app; sourceTree = BUILT_PRODUCTS_DIR; };
		6919F6DC220F245D004C1F07 /* AppDelegate.swift */ = {isa = PBXFileReference; lastKnownFileType = sourcecode.swift; path = AppDelegate.swift; sourceTree = "<group>"; };
		6919F6E1220F245D004C1F07 /* Base */ = {isa = PBXFileReference; lastKnownFileType = file.storyboard; name = Base; path = Base.lproj/Main.storyboard; sourceTree = "<group>"; };
		6919F6E3220F245E004C1F07 /* Assets.xcassets */ = {isa = PBXFileReference; lastKnownFileType = folder.assetcatalog; path = Assets.xcassets; sourceTree = "<group>"; };
		6919F6E6220F245E004C1F07 /* Base */ = {isa = PBXFileReference; lastKnownFileType = file.storyboard; name = Base; path = Base.lproj/LaunchScreen.storyboard; sourceTree = "<group>"; };
		6919F6E8220F245E004C1F07 /* Info.plist */ = {isa = PBXFileReference; lastKnownFileType = text.plist.xml; path = Info.plist; sourceTree = "<group>"; };
		6919F6F4220F473E004C1F07 /* PlatosViewController.swift */ = {isa = PBXFileReference; lastKnownFileType = sourcecode.swift; path = PlatosViewController.swift; sourceTree = "<group>"; };
		695801AA222AD9EB00BF83A7 /* AppeanceManager.swift */ = {isa = PBXFileReference; lastKnownFileType = sourcecode.swift; path = AppeanceManager.swift; sourceTree = "<group>"; };
		695801AC222AE09E00BF83A7 /* ContactanosViewController.swift */ = {isa = PBXFileReference; lastKnownFileType = sourcecode.swift; path = ContactanosViewController.swift; sourceTree = "<group>"; };
		799F136048476AC921DF1354 /* Pods-Restaurante.release.xcconfig */ = {isa = PBXFileReference; includeInIndex = 1; lastKnownFileType = text.xcconfig; name = "Pods-Restaurante.release.xcconfig"; path = "Target Support Files/Pods-Restaurante/Pods-Restaurante.release.xcconfig"; sourceTree = "<group>"; };
		ECD436AC1D57E1C7B0D54138 /* Pods-Restaurante.debug.xcconfig */ = {isa = PBXFileReference; includeInIndex = 1; lastKnownFileType = text.xcconfig; name = "Pods-Restaurante.debug.xcconfig"; path = "Target Support Files/Pods-Restaurante/Pods-Restaurante.debug.xcconfig"; sourceTree = "<group>"; };
/* End PBXFileReference section */

/* Begin PBXFrameworksBuildPhase section */
		6919F6D6220F245D004C1F07 /* Frameworks */ = {
			isa = PBXFrameworksBuildPhase;
			buildActionMask = 2147483647;
			files = (
				569C4C5847140F8DF238DBE8 /* Pods_Restaurante.framework in Frameworks */,
			);
			runOnlyForDeploymentPostprocessing = 0;
		};
/* End PBXFrameworksBuildPhase section */

/* Begin PBXGroup section */
		690C13C72221959F00C8332C /* Extensiones */ = {
			isa = PBXGroup;
			children = (
				690C13C8222195E700C8332C /* UIViewController+Alert.swift */,
			);
			path = Extensiones;
			sourceTree = "<group>";
		};
		690C13CC2221AA7100C8332C /* Model */ = {
			isa = PBXGroup;
			children = (
				690C13CD2221AA8700C8332C /* Plato.swift */,
				690C13CF2221AAB200C8332C /* PlatoFactory.swift */,
			);
			path = Model;
			sourceTree = "<group>";
		};
		690C13D22221B4DD00C8332C /* TableViewCells */ = {
			isa = PBXGroup;
			children = (
				690C13D32221B56800C8332C /* PlatoTableViewCell.swift */,
			);
			path = TableViewCells;
			sourceTree = "<group>";
		};
		6919F6D0220F245D004C1F07 = {
			isa = PBXGroup;
			children = (
				6919F6DB220F245D004C1F07 /* Restaurante */,
				6919F6DA220F245D004C1F07 /* Products */,
				C7AF8EF924CE9A0894C1F34B /* Pods */,
				A533044A5A2B6B630CB71B5E /* Frameworks */,
			);
			sourceTree = "<group>";
		};
		6919F6DA220F245D004C1F07 /* Products */ = {
			isa = PBXGroup;
			children = (
				6919F6D9220F245D004C1F07 /* Restaurante.app */,
			);
			name = Products;
			sourceTree = "<group>";
		};
		6919F6DB220F245D004C1F07 /* Restaurante */ = {
			isa = PBXGroup;
			children = (
				690C13CC2221AA7100C8332C /* Model */,
				690C13C72221959F00C8332C /* Extensiones */,
				6919F6EE220F247A004C1F07 /* UI */,
				6919F6E3220F245E004C1F07 /* Assets.xcassets */,
				6919F6E8220F245E004C1F07 /* Info.plist */,
			);
			path = Restaurante;
			sourceTree = "<group>";
		};
		6919F6EE220F247A004C1F07 /* UI */ = {
			isa = PBXGroup;
			children = (
				6919F6DC220F245D004C1F07 /* AppDelegate.swift */,
				695801AA222AD9EB00BF83A7 /* AppeanceManager.swift */,
				6919F6F0220F2489004C1F07 /* Storyboards */,
				6919F6EF220F2481004C1F07 /* ViewControllers */,
				6919F6F1220F24A0004C1F07 /* Views */,
			);
			path = UI;
			sourceTree = "<group>";
		};
		6919F6EF220F2481004C1F07 /* ViewControllers */ = {
			isa = PBXGroup;
			children = (
				6919F6F4220F473E004C1F07 /* PlatosViewController.swift */,
				690C13CA22219F1600C8332C /* PlatoDetalleViewController.swift */,
				690C13D52221C04500C8332C /* LoginViewController.swift */,
				695801AC222AE09E00BF83A7 /* ContactanosViewController.swift */,
			);
			path = ViewControllers;
			sourceTree = "<group>";
		};
		6919F6F0220F2489004C1F07 /* Storyboards */ = {
			isa = PBXGroup;
			children = (
				6919F6E0220F245D004C1F07 /* Main.storyboard */,
				6919F6E5220F245E004C1F07 /* LaunchScreen.storyboard */,
			);
			path = Storyboards;
			sourceTree = "<group>";
		};
		6919F6F1220F24A0004C1F07 /* Views */ = {
			isa = PBXGroup;
			children = (
				690C13D22221B4DD00C8332C /* TableViewCells */,
			);
			path = Views;
			sourceTree = "<group>";
		};
		A533044A5A2B6B630CB71B5E /* Frameworks */ = {
			isa = PBXGroup;
			children = (
				67DDF19E1FC70F1CD9DFCF0F /* Pods_Restaurante.framework */,
			);
			name = Frameworks;
			sourceTree = "<group>";
		};
		C7AF8EF924CE9A0894C1F34B /* Pods */ = {
			isa = PBXGroup;
			children = (
				ECD436AC1D57E1C7B0D54138 /* Pods-Restaurante.debug.xcconfig */,
				799F136048476AC921DF1354 /* Pods-Restaurante.release.xcconfig */,
			);
			path = Pods;
			sourceTree = "<group>";
		};
/* End PBXGroup section */

/* Begin PBXNativeTarget section */
		6919F6D8220F245D004C1F07 /* Restaurante */ = {
			isa = PBXNativeTarget;
			buildConfigurationList = 6919F6EB220F245E004C1F07 /* Build configuration list for PBXNativeTarget "Restaurante" */;
			buildPhases = (
				952EE156540C5F04FB620B6A /* [CP] Check Pods Manifest.lock */,
				6919F6D5220F245D004C1F07 /* Sources */,
				6919F6D6220F245D004C1F07 /* Frameworks */,
				6919F6D7220F245D004C1F07 /* Resources */,
				2799FC28896E3A4AD6C2DA62 /* [CP] Embed Pods Frameworks */,
				A1B2F7F3A6686CC62EFFEC7A /* [CP] Copy Pods Resources */,
			);
			buildRules = (
			);
			dependencies = (
			);
			name = Restaurante;
			productName = Restaurante;
			productReference = 6919F6D9220F245D004C1F07 /* Restaurante.app */;
			productType = "com.apple.product-type.application";
		};
/* End PBXNativeTarget section */

/* Begin PBXProject section */
		6919F6D1220F245D004C1F07 /* Project object */ = {
			isa = PBXProject;
			attributes = {
				LastSwiftUpdateCheck = 1010;
				LastUpgradeCheck = 1010;
				ORGANIZATIONNAME = Belatrix;
				TargetAttributes = {
					6919F6D8220F245D004C1F07 = {
						CreatedOnToolsVersion = 10.1;
					};
				};
			};
			buildConfigurationList = 6919F6D4220F245D004C1F07 /* Build configuration list for PBXProject "Restaurante" */;
			compatibilityVersion = "Xcode 9.3";
			developmentRegion = en;
			hasScannedForEncodings = 0;
			knownRegions = (
				en,
				Base,
			);
			mainGroup = 6919F6D0220F245D004C1F07;
			productRefGroup = 6919F6DA220F245D004C1F07 /* Products */;
			projectDirPath = "";
			projectRoot = "";
			targets = (
				6919F6D8220F245D004C1F07 /* Restaurante */,
			);
		};
/* End PBXProject section */

/* Begin PBXResourcesBuildPhase section */
		6919F6D7220F245D004C1F07 /* Resources */ = {
			isa = PBXResourcesBuildPhase;
			buildActionMask = 2147483647;
			files = (
				6919F6E7220F245E004C1F07 /* LaunchScreen.storyboard in Resources */,
				6919F6E4220F245E004C1F07 /* Assets.xcassets in Resources */,
				6919F6E2220F245D004C1F07 /* Main.storyboard in Resources */,
			);
			runOnlyForDeploymentPostprocessing = 0;
		};
/* End PBXResourcesBuildPhase section */

/* Begin PBXShellScriptBuildPhase section */
		2799FC28896E3A4AD6C2DA62 /* [CP] Embed Pods Frameworks */ = {
			isa = PBXShellScriptBuildPhase;
			buildActionMask = 2147483647;
			files = (
			);
			inputFileListPaths = (
			);
			inputPaths = (
				"${PODS_ROOT}/Target Support Files/Pods-Restaurante/Pods-Restaurante-frameworks.sh",
				"${BUILT_PRODUCTS_DIR}/Alamofire/Alamofire.framework",
				"${BUILT_PRODUCTS_DIR}/AlamofireImage/AlamofireImage.framework",
				"${BUILT_PRODUCTS_DIR}/IQKeyboardManagerSwift/IQKeyboardManagerSwift.framework",
			);
			name = "[CP] Embed Pods Frameworks";
			outputFileListPaths = (
			);
			outputPaths = (
				"${TARGET_BUILD_DIR}/${FRAMEWORKS_FOLDER_PATH}/Alamofire.framework",
				"${TARGET_BUILD_DIR}/${FRAMEWORKS_FOLDER_PATH}/AlamofireImage.framework",
				"${TARGET_BUILD_DIR}/${FRAMEWORKS_FOLDER_PATH}/IQKeyboardManagerSwift.framework",
			);
			runOnlyForDeploymentPostprocessing = 0;
			shellPath = /bin/sh;
			shellScript = "\"${PODS_ROOT}/Target Support Files/Pods-Restaurante/Pods-Restaurante-frameworks.sh\"\n";
			showEnvVarsInLog = 0;
		};
		952EE156540C5F04FB620B6A /* [CP] Check Pods Manifest.lock */ = {
			isa = PBXShellScriptBuildPhase;
			buildActionMask = 2147483647;
			files = (
			);
			inputFileListPaths = (
			);
			inputPaths = (
				"${PODS_PODFILE_DIR_PATH}/Podfile.lock",
				"${PODS_ROOT}/Manifest.lock",
			);
			name = "[CP] Check Pods Manifest.lock";
			outputFileListPaths = (
			);
			outputPaths = (
				"$(DERIVED_FILE_DIR)/Pods-Restaurante-checkManifestLockResult.txt",
			);
			runOnlyForDeploymentPostprocessing = 0;
			shellPath = /bin/sh;
			shellScript = "diff \"${PODS_PODFILE_DIR_PATH}/Podfile.lock\" \"${PODS_ROOT}/Manifest.lock\" > /dev/null\nif [ $? != 0 ] ; then\n    # print error to STDERR\n    echo \"error: The sandbox is not in sync with the Podfile.lock. Run 'pod install' or update your CocoaPods installation.\" >&2\n    exit 1\nfi\n# This output is used by Xcode 'outputs' to avoid re-running this script phase.\necho \"SUCCESS\" > \"${SCRIPT_OUTPUT_FILE_0}\"\n";
			showEnvVarsInLog = 0;
		};
		A1B2F7F3A6686CC62EFFEC7A /* [CP] Copy Pods Resources */ = {
			isa = PBXShellScriptBuildPhase;
			buildActionMask = 2147483647;
			files = (
			);
			inputFileListPaths = (
			);
			inputPaths = (
				"${PODS_ROOT}/Target Support Files/Pods-Restaurante/Pods-Restaurante-resources.sh",
				"${PODS_ROOT}/GoogleMaps/Maps/Frameworks/GoogleMaps.framework/Resources/GoogleMaps.bundle",
			);
			name = "[CP] Copy Pods Resources";
			outputFileListPaths = (
			);
			outputPaths = (
				"${TARGET_BUILD_DIR}/${UNLOCALIZED_RESOURCES_FOLDER_PATH}/GoogleMaps.bundle",
			);
			runOnlyForDeploymentPostprocessing = 0;
			shellPath = /bin/sh;
			shellScript = "\"${PODS_ROOT}/Target Support Files/Pods-Restaurante/Pods-Restaurante-resources.sh\"\n";
			showEnvVarsInLog = 0;
		};
/* End PBXShellScriptBuildPhase section */

/* Begin PBXSourcesBuildPhase section */
		6919F6D5220F245D004C1F07 /* Sources */ = {
			isa = PBXSourcesBuildPhase;
			buildActionMask = 2147483647;
			files = (
				695801AB222AD9EB00BF83A7 /* AppeanceManager.swift in Sources */,
				690C13C9222195E700C8332C /* UIViewController+Alert.swift in Sources */,
				690C13CE2221AA8700C8332C /* Plato.swift in Sources */,
				6919F6DD220F245D004C1F07 /* AppDelegate.swift in Sources */,
				690C13D42221B56800C8332C /* PlatoTableViewCell.swift in Sources */,
				690C13D62221C04500C8332C /* LoginViewController.swift in Sources */,
				695801AD222AE09E00BF83A7 /* ContactanosViewController.swift in Sources */,
				690C13D02221AAB200C8332C /* PlatoFactory.swift in Sources */,
				690C13CB22219F1600C8332C /* PlatoDetalleViewController.swift in Sources */,
				6919F6F5220F473E004C1F07 /* PlatosViewController.swift in Sources */,
			);
			runOnlyForDeploymentPostprocessing = 0;
		};
/* End PBXSourcesBuildPhase section */

/* Begin PBXVariantGroup section */
		6919F6E0220F245D004C1F07 /* Main.storyboard */ = {
			isa = PBXVariantGroup;
			children = (
				6919F6E1220F245D004C1F07 /* Base */,
			);
			name = Main.storyboard;
			sourceTree = "<group>";
		};
		6919F6E5220F245E004C1F07 /* LaunchScreen.storyboard */ = {
			isa = PBXVariantGroup;
			children = (
				6919F6E6220F245E004C1F07 /* Base */,
			);
			name = LaunchScreen.storyboard;
			sourceTree = "<group>";
		};
/* End PBXVariantGroup section */

/* Begin XCBuildConfiguration section */
		6919F6E9220F245E004C1F07 /* Debug */ = {
			isa = XCBuildConfiguration;
			buildSettings = {
				ALWAYS_SEARCH_USER_PATHS = NO;
				CLANG_ANALYZER_NONNULL = YES;
				CLANG_ANALYZER_NUMBER_OBJECT_CONVERSION = YES_AGGRESSIVE;
				CLANG_CXX_LANGUAGE_STANDARD = "gnu++14";
				CLANG_CXX_LIBRARY = "libc++";
				CLANG_ENABLE_MODULES = YES;
				CLANG_ENABLE_OBJC_ARC = YES;
				CLANG_ENABLE_OBJC_WEAK = YES;
				CLANG_WARN_BLOCK_CAPTURE_AUTORELEASING = YES;
				CLANG_WARN_BOOL_CONVERSION = YES;
				CLANG_WARN_COMMA = YES;
				CLANG_WARN_CONSTANT_CONVERSION = YES;
				CLANG_WARN_DEPRECATED_OBJC_IMPLEMENTATIONS = YES;
				CLANG_WARN_DIRECT_OBJC_ISA_USAGE = YES_ERROR;
				CLANG_WARN_DOCUMENTATION_COMMENTS = YES;
				CLANG_WARN_EMPTY_BODY = YES;
				CLANG_WARN_ENUM_CONVERSION = YES;
				CLANG_WARN_INFINITE_RECURSION = YES;
				CLANG_WARN_INT_CONVERSION = YES;
				CLANG_WARN_NON_LITERAL_NULL_CONVERSION = YES;
				CLANG_WARN_OBJC_IMPLICIT_RETAIN_SELF = YES;
				CLANG_WARN_OBJC_LITERAL_CONVERSION = YES;
				CLANG_WARN_OBJC_ROOT_CLASS = YES_ERROR;
				CLANG_WARN_RANGE_LOOP_ANALYSIS = YES;
				CLANG_WARN_STRICT_PROTOTYPES = YES;
				CLANG_WARN_SUSPICIOUS_MOVE = YES;
				CLANG_WARN_UNGUARDED_AVAILABILITY = YES_AGGRESSIVE;
				CLANG_WARN_UNREACHABLE_CODE = YES;
				CLANG_WARN__DUPLICATE_METHOD_MATCH = YES;
				CODE_SIGN_IDENTITY = "iPhone Developer";
				COPY_PHASE_STRIP = NO;
				DEBUG_INFORMATION_FORMAT = dwarf;
				ENABLE_STRICT_OBJC_MSGSEND = YES;
				ENABLE_TESTABILITY = YES;
				GCC_C_LANGUAGE_STANDARD = gnu11;
				GCC_DYNAMIC_NO_PIC = NO;
				GCC_NO_COMMON_BLOCKS = YES;
				GCC_OPTIMIZATION_LEVEL = 0;
				GCC_PREPROCESSOR_DEFINITIONS = (
					"DEBUG=1",
					"$(inherited)",
				);
				GCC_WARN_64_TO_32_BIT_CONVERSION = YES;
				GCC_WARN_ABOUT_RETURN_TYPE = YES_ERROR;
				GCC_WARN_UNDECLARED_SELECTOR = YES;
				GCC_WARN_UNINITIALIZED_AUTOS = YES_AGGRESSIVE;
				GCC_WARN_UNUSED_FUNCTION = YES;
				GCC_WARN_UNUSED_VARIABLE = YES;
				IPHONEOS_DEPLOYMENT_TARGET = 12.1;
				MTL_ENABLE_DEBUG_INFO = INCLUDE_SOURCE;
				MTL_FAST_MATH = YES;
				ONLY_ACTIVE_ARCH = YES;
				SDKROOT = iphoneos;
				SWIFT_ACTIVE_COMPILATION_CONDITIONS = DEBUG;
				SWIFT_OPTIMIZATION_LEVEL = "-Onone";
			};
			name = Debug;
		};
		6919F6EA220F245E004C1F07 /* Release */ = {
			isa = XCBuildConfiguration;
			buildSettings = {
				ALWAYS_SEARCH_USER_PATHS = NO;
				CLANG_ANALYZER_NONNULL = YES;
				CLANG_ANALYZER_NUMBER_OBJECT_CONVERSION = YES_AGGRESSIVE;
				CLANG_CXX_LANGUAGE_STANDARD = "gnu++14";
				CLANG_CXX_LIBRARY = "libc++";
				CLANG_ENABLE_MODULES = YES;
				CLANG_ENABLE_OBJC_ARC = YES;
				CLANG_ENABLE_OBJC_WEAK = YES;
				CLANG_WARN_BLOCK_CAPTURE_AUTORELEASING = YES;
				CLANG_WARN_BOOL_CONVERSION = YES;
				CLANG_WARN_COMMA = YES;
				CLANG_WARN_CONSTANT_CONVERSION = YES;
				CLANG_WARN_DEPRECATED_OBJC_IMPLEMENTATIONS = YES;
				CLANG_WARN_DIRECT_OBJC_ISA_USAGE = YES_ERROR;
				CLANG_WARN_DOCUMENTATION_COMMENTS = YES;
				CLANG_WARN_EMPTY_BODY = YES;
				CLANG_WARN_ENUM_CONVERSION = YES;
				CLANG_WARN_INFINITE_RECURSION = YES;
				CLANG_WARN_INT_CONVERSION = YES;
				CLANG_WARN_NON_LITERAL_NULL_CONVERSION = YES;
				CLANG_WARN_OBJC_IMPLICIT_RETAIN_SELF = YES;
				CLANG_WARN_OBJC_LITERAL_CONVERSION = YES;
				CLANG_WARN_OBJC_ROOT_CLASS = YES_ERROR;
				CLANG_WARN_RANGE_LOOP_ANALYSIS = YES;
				CLANG_WARN_STRICT_PROTOTYPES = YES;
				CLANG_WARN_SUSPICIOUS_MOVE = YES;
				CLANG_WARN_UNGUARDED_AVAILABILITY = YES_AGGRESSIVE;
				CLANG_WARN_UNREACHABLE_CODE = YES;
				CLANG_WARN__DUPLICATE_METHOD_MATCH = YES;
				CODE_SIGN_IDENTITY = "iPhone Developer";
				COPY_PHASE_STRIP = NO;
				DEBUG_INFORMATION_FORMAT = "dwarf-with-dsym";
				ENABLE_NS_ASSERTIONS = NO;
				ENABLE_STRICT_OBJC_MSGSEND = YES;
				GCC_C_LANGUAGE_STANDARD = gnu11;
				GCC_NO_COMMON_BLOCKS = YES;
				GCC_WARN_64_TO_32_BIT_CONVERSION = YES;
				GCC_WARN_ABOUT_RETURN_TYPE = YES_ERROR;
				GCC_WARN_UNDECLARED_SELECTOR = YES;
				GCC_WARN_UNINITIALIZED_AUTOS = YES_AGGRESSIVE;
				GCC_WARN_UNUSED_FUNCTION = YES;
				GCC_WARN_UNUSED_VARIABLE = YES;
				IPHONEOS_DEPLOYMENT_TARGET = 12.1;
				MTL_ENABLE_DEBUG_INFO = NO;
				MTL_FAST_MATH = YES;
				SDKROOT = iphoneos;
				SWIFT_COMPILATION_MODE = wholemodule;
				SWIFT_OPTIMIZATION_LEVEL = "-O";
				VALIDATE_PRODUCT = YES;
			};
			name = Release;
		};
		6919F6EC220F245E004C1F07 /* Debug */ = {
			isa = XCBuildConfiguration;
			baseConfigurationReference = ECD436AC1D57E1C7B0D54138 /* Pods-Restaurante.debug.xcconfig */;
			buildSettings = {
				ASSETCATALOG_COMPILER_APPICON_NAME = AppIcon;
				CODE_SIGN_STYLE = Automatic;
				DEVELOPMENT_TEAM = H9MAL9P855;
				INFOPLIST_FILE = Restaurante/Info.plist;
				LD_RUNPATH_SEARCH_PATHS = (
					"$(inherited)",
					"@executable_path/Frameworks",
				);
				PRODUCT_BUNDLE_IDENTIFIER = com.belatrix.bcp.Restaurante;
				PRODUCT_NAME = "$(TARGET_NAME)";
				SWIFT_VERSION = 4.2;
				TARGETED_DEVICE_FAMILY = "1,2";
			};
			name = Debug;
		};
		6919F6ED220F245E004C1F07 /* Release */ = {
			isa = XCBuildConfiguration;
			baseConfigurationReference = 799F136048476AC921DF1354 /* Pods-Restaurante.release.xcconfig */;
			buildSettings = {
				ASSETCATALOG_COMPILER_APPICON_NAME = AppIcon;
				CODE_SIGN_STYLE = Automatic;
				DEVELOPMENT_TEAM = H9MAL9P855;
				INFOPLIST_FILE = Restaurante/Info.plist;
				LD_RUNPATH_SEARCH_PATHS = (
					"$(inherited)",
					"@executable_path/Frameworks",
				);
				PRODUCT_BUNDLE_IDENTIFIER = com.belatrix.bcp.Restaurante;
				PRODUCT_NAME = "$(TARGET_NAME)";
				SWIFT_VERSION = 4.2;
				TARGETED_DEVICE_FAMILY = "1,2";
			};
			name = Release;
		};
/* End XCBuildConfiguration section */

/* Begin XCConfigurationList section */
		6919F6D4220F245D004C1F07 /* Build configuration list for PBXProject "Restaurante" */ = {
			isa = XCConfigurationList;
			buildConfigurations = (
				6919F6E9220F245E004C1F07 /* Debug */,
				6919F6EA220F245E004C1F07 /* Release */,
			);
			defaultConfigurationIsVisible = 0;
			defaultConfigurationName = Release;
		};
		6919F6EB220F245E004C1F07 /* Build configuration list for PBXNativeTarget "Restaurante" */ = {
			isa = XCConfigurationList;
			buildConfigurations = (
				6919F6EC220F245E004C1F07 /* Debug */,
				6919F6ED220F245E004C1F07 /* Release */,
			);
			defaultConfigurationIsVisible = 0;
			defaultConfigurationName = Release;
		};
/* End XCConfigurationList section */
	};
	rootObject = 6919F6D1220F245D004C1F07 /* Project object */;
}
